
Microsoft Visual Studio Solution File, Format Version 12.00
# Visual Studio 15
VisualStudioVersion = 15.0.26730.16
MinimumVisualStudioVersion = 10.0.40219.1
Project("{FAE04EC0-301F-11D3-BF4B-00C04F79EFBC}") = "LandonApi", "LandonApi\LandonApi.csproj", "{5FC469A0-C4BF-4E0A-A7D9-33B39D44F37E}"
EndProject
Project("{E53339B2-1760-4266-BCC7-CA923CBCF16C}") = "docker-compose", "docker-compose.dcproj", "{BD4B8B6D-1C96-4D10-AA8E-B59A97BBBF2A}"
EndProject
Global
	GlobalSection(SolutionConfigurationPlatforms) = preSolution
		Debug|Any CPU = Debug|Any CPU
		Release|Any CPU = Release|Any CPU
	EndGlobalSection
	GlobalSection(ProjectConfigurationPlatforms) = postSolution
		{5FC469A0-C4BF-4E0A-A7D9-33B39D44F37E}.Debug|Any CPU.ActiveCfg = Debug|Any CPU
		{5FC469A0-C4BF-4E0A-A7D9-33B39D44F37E}.Debug|Any CPU.Build.0 = Debug|Any CPU
		{5FC469A0-C4BF-4E0A-A7D9-33B39D44F37E}.Release|Any CPU.ActiveCfg = Release|Any CPU
		{5FC469A0-C4BF-4E0A-A7D9-33B39D44F37E}.Release|Any CPU.Build.0 = Release|Any CPU
		{BD4B8B6D-1C96-4D10-AA8E-B59A97BBBF2A}.Debug|Any CPU.ActiveCfg = Debug|Any CPU
		{BD4B8B6D-1C96-4D10-AA8E-B59A97BBBF2A}.Debug|Any CPU.Build.0 = Debug|Any CPU
		{BD4B8B6D-1C96-4D10-AA8E-B59A97BBBF2A}.Release|Any CPU.ActiveCfg = Release|Any CPU
		{BD4B8B6D-1C96-4D10-AA8E-B59A97BBBF2A}.Release|Any CPU.Build.0 = Release|Any CPU
	EndGlobalSection
	GlobalSection(SolutionProperties) = preSolution
		HideSolutionNode = FALSE
	EndGlobalSection
	GlobalSection(ExtensibilityGlobals) = postSolution
		SolutionGuid = {6C31C91C-C8FE-4C78-8A59-590773EBDCDB}
	EndGlobalSection
EndGlobal
